
Microsoft Visual Studio Solution File, Format Version 12.00
# Visual Studio Version 17
VisualStudioVersion = 17.0.31903.59
MinimumVisualStudioVersion = 10.0.40219.1
Project("{2150E333-8FDC-42A3-9474-1A3956D46DE8}") = "Solution Files", "Solution Files", "{B7814057-57C1-438A-B26B-B6B653860985}"
	ProjectSection(SolutionItems) = preProject
		..\..\.commitlintrc.yml = ..\..\.commitlintrc.yml
		..\..\.editorconfig = ..\..\.editorconfig
		..\..\.gitattributes = ..\..\.gitattributes
		..\..\.gitignore = ..\..\.gitignore
		..\..\package.json = ..\..\package.json
		..\..\README.md = ..\..\README.md
	EndProjectSection
EndProject
Project("{2150E333-8FDC-42A3-9474-1A3956D46DE8}") = "Github", "Github", "{4CFEC384-2F24-4528-BEED-6B251E31A16A}"
	ProjectSection(SolutionItems) = preProject
		..\..\.github\CODEOWNERS = ..\..\.github\CODEOWNERS
	EndProjectSection
EndProject
Project("{2150E333-8FDC-42A3-9474-1A3956D46DE8}") = "Workflows", "Workflows", "{AF7C8D20-51CD-434F-B1A3-5659388B0B1D}"
	ProjectSection(SolutionItems) = preProject
		..\..\.github\workflows\build-and-test.yml = ..\..\.github\workflows\build-and-test.yml
		..\..\.github\workflows\commit-linting.yml = ..\..\.github\workflows\commit-linting.yml
	EndProjectSection
EndProject
Project("{2150E333-8FDC-42A3-9474-1A3956D46DE8}") = "Husky", "Husky", "{F80D6B44-7CB5-4411-B2BD-43F0942C49AC}"
	ProjectSection(SolutionItems) = preProject
		..\..\.husky\commit-msg = ..\..\.husky\commit-msg
	EndProjectSection
EndProject
Project("{FAE04EC0-301F-11D3-BF4B-00C04F79EFBC}") = "Teams.Api", "Teams.Api\Teams.Api.csproj", "{9259308F-D1A4-46A0-9CE7-A7CCAA25D0B9}"
EndProject
Project("{FAE04EC0-301F-11D3-BF4B-00C04F79EFBC}") = "Teams.Api.UnitTests", "Teams.Api.UnitTests\Teams.Api.UnitTests.csproj", "{8D2A2A4A-FDD7-4D03-9BFD-24EDC500F123}"
EndProject
Project("{FAE04EC0-301F-11D3-BF4B-00C04F79EFBC}") = "Teams.Api.IntegrationTests", "Teams.Api.IntegrationTests\Teams.Api.IntegrationTests.csproj", "{0DB1E82C-A926-4233-9489-A90DEA5DC716}"
EndProject
Project("{FAE04EC0-301F-11D3-BF4B-00C04F79EFBC}") = "Teams.Common", "Teams.Common\Teams.Common.csproj", "{E3DA0A3C-35CE-4A40-9C40-A847C9164E6C}"
EndProject
Project("{FAE04EC0-301F-11D3-BF4B-00C04F79EFBC}") = "Teams.Common.UnitTests", "Teams.Common.UnitTests\Teams.Common.UnitTests.csproj", "{EA1F2CFD-E3D8-4A8C-B399-2C24712F09D4}"
EndProject
Project("{FAE04EC0-301F-11D3-BF4B-00C04F79EFBC}") = "Teams.Core", "Teams.Core\Teams.Core.csproj", "{8521753F-72AA-489A-A0D4-F30FA440CCA5}"
EndProject
Project("{FAE04EC0-301F-11D3-BF4B-00C04F79EFBC}") = "Teams.Data", "Teams.Data\Teams.Data.csproj", "{C9A1AB9C-7045-4CFE-A0A6-BBE307E06809}"
EndProject
Project("{FAE04EC0-301F-11D3-BF4B-00C04F79EFBC}") = "Teams.Domain", "Teams.Domain\Teams.Domain.csproj", "{7A1AC93B-2B9A-47F8-A756-992F610480FB}"
EndProject
Project("{FAE04EC0-301F-11D3-BF4B-00C04F79EFBC}") = "Teams.Core.UnitTests", "Teams.Core.UnitTests\Teams.Core.UnitTests.csproj", "{0DBC23A5-135B-4CC9-A8C6-BC84B3042F4B}"
EndProject
Project("{FAE04EC0-301F-11D3-BF4B-00C04F79EFBC}") = "Teams.Data.UnitTests", "Teams.Data.UnitTests\Teams.Data.UnitTests.csproj", "{A993AF3D-4B8A-4760-8312-55E71D4B1E8E}"
EndProject
Project("{FAE04EC0-301F-11D3-BF4B-00C04F79EFBC}") = "Teams.Domain.UnitTests", "Teams.Domain.UnitTests\Teams.Domain.UnitTests.csproj", "{729EAE34-A7F2-43F7-A63A-EBD63275228A}"
EndProject
Global
	GlobalSection(SolutionConfigurationPlatforms) = preSolution
		Debug|Any CPU = Debug|Any CPU
		Debug|x64 = Debug|x64
		Debug|x86 = Debug|x86
		Release|Any CPU = Release|Any CPU
		Release|x64 = Release|x64
		Release|x86 = Release|x86
	EndGlobalSection
	GlobalSection(ProjectConfigurationPlatforms) = postSolution
		{9259308F-D1A4-46A0-9CE7-A7CCAA25D0B9}.Debug|Any CPU.ActiveCfg = Debug|Any CPU
		{9259308F-D1A4-46A0-9CE7-A7CCAA25D0B9}.Debug|Any CPU.Build.0 = Debug|Any CPU
		{9259308F-D1A4-46A0-9CE7-A7CCAA25D0B9}.Debug|x64.ActiveCfg = Debug|Any CPU
		{9259308F-D1A4-46A0-9CE7-A7CCAA25D0B9}.Debug|x64.Build.0 = Debug|Any CPU
		{9259308F-D1A4-46A0-9CE7-A7CCAA25D0B9}.Debug|x86.ActiveCfg = Debug|Any CPU
		{9259308F-D1A4-46A0-9CE7-A7CCAA25D0B9}.Debug|x86.Build.0 = Debug|Any CPU
		{9259308F-D1A4-46A0-9CE7-A7CCAA25D0B9}.Release|Any CPU.ActiveCfg = Release|Any CPU
		{9259308F-D1A4-46A0-9CE7-A7CCAA25D0B9}.Release|Any CPU.Build.0 = Release|Any CPU
		{9259308F-D1A4-46A0-9CE7-A7CCAA25D0B9}.Release|x64.ActiveCfg = Release|Any CPU
		{9259308F-D1A4-46A0-9CE7-A7CCAA25D0B9}.Release|x64.Build.0 = Release|Any CPU
		{9259308F-D1A4-46A0-9CE7-A7CCAA25D0B9}.Release|x86.ActiveCfg = Release|Any CPU
		{9259308F-D1A4-46A0-9CE7-A7CCAA25D0B9}.Release|x86.Build.0 = Release|Any CPU
		{8D2A2A4A-FDD7-4D03-9BFD-24EDC500F123}.Debug|Any CPU.ActiveCfg = Debug|Any CPU
		{8D2A2A4A-FDD7-4D03-9BFD-24EDC500F123}.Debug|Any CPU.Build.0 = Debug|Any CPU
		{8D2A2A4A-FDD7-4D03-9BFD-24EDC500F123}.Debug|x64.ActiveCfg = Debug|Any CPU
		{8D2A2A4A-FDD7-4D03-9BFD-24EDC500F123}.Debug|x64.Build.0 = Debug|Any CPU
		{8D2A2A4A-FDD7-4D03-9BFD-24EDC500F123}.Debug|x86.ActiveCfg = Debug|Any CPU
		{8D2A2A4A-FDD7-4D03-9BFD-24EDC500F123}.Debug|x86.Build.0 = Debug|Any CPU
		{8D2A2A4A-FDD7-4D03-9BFD-24EDC500F123}.Release|Any CPU.ActiveCfg = Release|Any CPU
		{8D2A2A4A-FDD7-4D03-9BFD-24EDC500F123}.Release|Any CPU.Build.0 = Release|Any CPU
		{8D2A2A4A-FDD7-4D03-9BFD-24EDC500F123}.Release|x64.ActiveCfg = Release|Any CPU
		{8D2A2A4A-FDD7-4D03-9BFD-24EDC500F123}.Release|x64.Build.0 = Release|Any CPU
		{8D2A2A4A-FDD7-4D03-9BFD-24EDC500F123}.Release|x86.ActiveCfg = Release|Any CPU
		{8D2A2A4A-FDD7-4D03-9BFD-24EDC500F123}.Release|x86.Build.0 = Release|Any CPU
		{0DB1E82C-A926-4233-9489-A90DEA5DC716}.Debug|Any CPU.ActiveCfg = Debug|Any CPU
		{0DB1E82C-A926-4233-9489-A90DEA5DC716}.Debug|Any CPU.Build.0 = Debug|Any CPU
		{0DB1E82C-A926-4233-9489-A90DEA5DC716}.Debug|x64.ActiveCfg = Debug|Any CPU
		{0DB1E82C-A926-4233-9489-A90DEA5DC716}.Debug|x64.Build.0 = Debug|Any CPU
		{0DB1E82C-A926-4233-9489-A90DEA5DC716}.Debug|x86.ActiveCfg = Debug|Any CPU
		{0DB1E82C-A926-4233-9489-A90DEA5DC716}.Debug|x86.Build.0 = Debug|Any CPU
		{0DB1E82C-A926-4233-9489-A90DEA5DC716}.Release|Any CPU.ActiveCfg = Release|Any CPU
		{0DB1E82C-A926-4233-9489-A90DEA5DC716}.Release|Any CPU.Build.0 = Release|Any CPU
		{0DB1E82C-A926-4233-9489-A90DEA5DC716}.Release|x64.ActiveCfg = Release|Any CPU
		{0DB1E82C-A926-4233-9489-A90DEA5DC716}.Release|x64.Build.0 = Release|Any CPU
		{0DB1E82C-A926-4233-9489-A90DEA5DC716}.Release|x86.ActiveCfg = Release|Any CPU
		{0DB1E82C-A926-4233-9489-A90DEA5DC716}.Release|x86.Build.0 = Release|Any CPU
		{E3DA0A3C-35CE-4A40-9C40-A847C9164E6C}.Debug|Any CPU.ActiveCfg = Debug|Any CPU
		{E3DA0A3C-35CE-4A40-9C40-A847C9164E6C}.Debug|Any CPU.Build.0 = Debug|Any CPU
		{E3DA0A3C-35CE-4A40-9C40-A847C9164E6C}.Debug|x64.ActiveCfg = Debug|Any CPU
		{E3DA0A3C-35CE-4A40-9C40-A847C9164E6C}.Debug|x64.Build.0 = Debug|Any CPU
		{E3DA0A3C-35CE-4A40-9C40-A847C9164E6C}.Debug|x86.ActiveCfg = Debug|Any CPU
		{E3DA0A3C-35CE-4A40-9C40-A847C9164E6C}.Debug|x86.Build.0 = Debug|Any CPU
		{E3DA0A3C-35CE-4A40-9C40-A847C9164E6C}.Release|Any CPU.ActiveCfg = Release|Any CPU
		{E3DA0A3C-35CE-4A40-9C40-A847C9164E6C}.Release|Any CPU.Build.0 = Release|Any CPU
		{E3DA0A3C-35CE-4A40-9C40-A847C9164E6C}.Release|x64.ActiveCfg = Release|Any CPU
		{E3DA0A3C-35CE-4A40-9C40-A847C9164E6C}.Release|x64.Build.0 = Release|Any CPU
		{E3DA0A3C-35CE-4A40-9C40-A847C9164E6C}.Release|x86.ActiveCfg = Release|Any CPU
		{E3DA0A3C-35CE-4A40-9C40-A847C9164E6C}.Release|x86.Build.0 = Release|Any CPU
		{EA1F2CFD-E3D8-4A8C-B399-2C24712F09D4}.Debug|Any CPU.ActiveCfg = Debug|Any CPU
		{EA1F2CFD-E3D8-4A8C-B399-2C24712F09D4}.Debug|Any CPU.Build.0 = Debug|Any CPU
		{EA1F2CFD-E3D8-4A8C-B399-2C24712F09D4}.Debug|x64.ActiveCfg = Debug|Any CPU
		{EA1F2CFD-E3D8-4A8C-B399-2C24712F09D4}.Debug|x64.Build.0 = Debug|Any CPU
		{EA1F2CFD-E3D8-4A8C-B399-2C24712F09D4}.Debug|x86.ActiveCfg = Debug|Any CPU
		{EA1F2CFD-E3D8-4A8C-B399-2C24712F09D4}.Debug|x86.Build.0 = Debug|Any CPU
		{EA1F2CFD-E3D8-4A8C-B399-2C24712F09D4}.Release|Any CPU.ActiveCfg = Release|Any CPU
		{EA1F2CFD-E3D8-4A8C-B399-2C24712F09D4}.Release|Any CPU.Build.0 = Release|Any CPU
		{EA1F2CFD-E3D8-4A8C-B399-2C24712F09D4}.Release|x64.ActiveCfg = Release|Any CPU
		{EA1F2CFD-E3D8-4A8C-B399-2C24712F09D4}.Release|x64.Build.0 = Release|Any CPU
		{EA1F2CFD-E3D8-4A8C-B399-2C24712F09D4}.Release|x86.ActiveCfg = Release|Any CPU
		{EA1F2CFD-E3D8-4A8C-B399-2C24712F09D4}.Release|x86.Build.0 = Release|Any CPU
		{8521753F-72AA-489A-A0D4-F30FA440CCA5}.Debug|Any CPU.ActiveCfg = Debug|Any CPU
		{8521753F-72AA-489A-A0D4-F30FA440CCA5}.Debug|Any CPU.Build.0 = Debug|Any CPU
		{8521753F-72AA-489A-A0D4-F30FA440CCA5}.Debug|x64.ActiveCfg = Debug|Any CPU
		{8521753F-72AA-489A-A0D4-F30FA440CCA5}.Debug|x64.Build.0 = Debug|Any CPU
		{8521753F-72AA-489A-A0D4-F30FA440CCA5}.Debug|x86.ActiveCfg = Debug|Any CPU
		{8521753F-72AA-489A-A0D4-F30FA440CCA5}.Debug|x86.Build.0 = Debug|Any CPU
		{8521753F-72AA-489A-A0D4-F30FA440CCA5}.Release|Any CPU.ActiveCfg = Release|Any CPU
		{8521753F-72AA-489A-A0D4-F30FA440CCA5}.Release|Any CPU.Build.0 = Release|Any CPU
		{8521753F-72AA-489A-A0D4-F30FA440CCA5}.Release|x64.ActiveCfg = Release|Any CPU
		{8521753F-72AA-489A-A0D4-F30FA440CCA5}.Release|x64.Build.0 = Release|Any CPU
		{8521753F-72AA-489A-A0D4-F30FA440CCA5}.Release|x86.ActiveCfg = Release|Any CPU
		{8521753F-72AA-489A-A0D4-F30FA440CCA5}.Release|x86.Build.0 = Release|Any CPU
		{C9A1AB9C-7045-4CFE-A0A6-BBE307E06809}.Debug|Any CPU.ActiveCfg = Debug|Any CPU
		{C9A1AB9C-7045-4CFE-A0A6-BBE307E06809}.Debug|Any CPU.Build.0 = Debug|Any CPU
		{C9A1AB9C-7045-4CFE-A0A6-BBE307E06809}.Debug|x64.ActiveCfg = Debug|Any CPU
		{C9A1AB9C-7045-4CFE-A0A6-BBE307E06809}.Debug|x64.Build.0 = Debug|Any CPU
		{C9A1AB9C-7045-4CFE-A0A6-BBE307E06809}.Debug|x86.ActiveCfg = Debug|Any CPU
		{C9A1AB9C-7045-4CFE-A0A6-BBE307E06809}.Debug|x86.Build.0 = Debug|Any CPU
		{C9A1AB9C-7045-4CFE-A0A6-BBE307E06809}.Release|Any CPU.ActiveCfg = Release|Any CPU
		{C9A1AB9C-7045-4CFE-A0A6-BBE307E06809}.Release|Any CPU.Build.0 = Release|Any CPU
		{C9A1AB9C-7045-4CFE-A0A6-BBE307E06809}.Release|x64.ActiveCfg = Release|Any CPU
		{C9A1AB9C-7045-4CFE-A0A6-BBE307E06809}.Release|x64.Build.0 = Release|Any CPU
		{C9A1AB9C-7045-4CFE-A0A6-BBE307E06809}.Release|x86.ActiveCfg = Release|Any CPU
		{C9A1AB9C-7045-4CFE-A0A6-BBE307E06809}.Release|x86.Build.0 = Release|Any CPU
		{7A1AC93B-2B9A-47F8-A756-992F610480FB}.Debug|Any CPU.ActiveCfg = Debug|Any CPU
		{7A1AC93B-2B9A-47F8-A756-992F610480FB}.Debug|Any CPU.Build.0 = Debug|Any CPU
		{7A1AC93B-2B9A-47F8-A756-992F610480FB}.Debug|x64.ActiveCfg = Debug|Any CPU
		{7A1AC93B-2B9A-47F8-A756-992F610480FB}.Debug|x64.Build.0 = Debug|Any CPU
		{7A1AC93B-2B9A-47F8-A756-992F610480FB}.Debug|x86.ActiveCfg = Debug|Any CPU
		{7A1AC93B-2B9A-47F8-A756-992F610480FB}.Debug|x86.Build.0 = Debug|Any CPU
		{7A1AC93B-2B9A-47F8-A756-992F610480FB}.Release|Any CPU.ActiveCfg = Release|Any CPU
		{7A1AC93B-2B9A-47F8-A756-992F610480FB}.Release|Any CPU.Build.0 = Release|Any CPU
		{7A1AC93B-2B9A-47F8-A756-992F610480FB}.Release|x64.ActiveCfg = Release|Any CPU
		{7A1AC93B-2B9A-47F8-A756-992F610480FB}.Release|x64.Build.0 = Release|Any CPU
		{7A1AC93B-2B9A-47F8-A756-992F610480FB}.Release|x86.ActiveCfg = Release|Any CPU
		{7A1AC93B-2B9A-47F8-A756-992F610480FB}.Release|x86.Build.0 = Release|Any CPU
		{0DBC23A5-135B-4CC9-A8C6-BC84B3042F4B}.Debug|Any CPU.ActiveCfg = Debug|Any CPU
		{0DBC23A5-135B-4CC9-A8C6-BC84B3042F4B}.Debug|Any CPU.Build.0 = Debug|Any CPU
		{0DBC23A5-135B-4CC9-A8C6-BC84B3042F4B}.Debug|x64.ActiveCfg = Debug|Any CPU
		{0DBC23A5-135B-4CC9-A8C6-BC84B3042F4B}.Debug|x64.Build.0 = Debug|Any CPU
		{0DBC23A5-135B-4CC9-A8C6-BC84B3042F4B}.Debug|x86.ActiveCfg = Debug|Any CPU
		{0DBC23A5-135B-4CC9-A8C6-BC84B3042F4B}.Debug|x86.Build.0 = Debug|Any CPU
		{0DBC23A5-135B-4CC9-A8C6-BC84B3042F4B}.Release|Any CPU.ActiveCfg = Release|Any CPU
		{0DBC23A5-135B-4CC9-A8C6-BC84B3042F4B}.Release|Any CPU.Build.0 = Release|Any CPU
		{0DBC23A5-135B-4CC9-A8C6-BC84B3042F4B}.Release|x64.ActiveCfg = Release|Any CPU
		{0DBC23A5-135B-4CC9-A8C6-BC84B3042F4B}.Release|x64.Build.0 = Release|Any CPU
		{0DBC23A5-135B-4CC9-A8C6-BC84B3042F4B}.Release|x86.ActiveCfg = Release|Any CPU
		{0DBC23A5-135B-4CC9-A8C6-BC84B3042F4B}.Release|x86.Build.0 = Release|Any CPU
		{A993AF3D-4B8A-4760-8312-55E71D4B1E8E}.Debug|Any CPU.ActiveCfg = Debug|Any CPU
		{A993AF3D-4B8A-4760-8312-55E71D4B1E8E}.Debug|Any CPU.Build.0 = Debug|Any CPU
		{A993AF3D-4B8A-4760-8312-55E71D4B1E8E}.Debug|x64.ActiveCfg = Debug|Any CPU
		{A993AF3D-4B8A-4760-8312-55E71D4B1E8E}.Debug|x64.Build.0 = Debug|Any CPU
		{A993AF3D-4B8A-4760-8312-55E71D4B1E8E}.Debug|x86.ActiveCfg = Debug|Any CPU
		{A993AF3D-4B8A-4760-8312-55E71D4B1E8E}.Debug|x86.Build.0 = Debug|Any CPU
		{A993AF3D-4B8A-4760-8312-55E71D4B1E8E}.Release|Any CPU.ActiveCfg = Release|Any CPU
		{A993AF3D-4B8A-4760-8312-55E71D4B1E8E}.Release|Any CPU.Build.0 = Release|Any CPU
		{A993AF3D-4B8A-4760-8312-55E71D4B1E8E}.Release|x64.ActiveCfg = Release|Any CPU
		{A993AF3D-4B8A-4760-8312-55E71D4B1E8E}.Release|x64.Build.0 = Release|Any CPU
		{A993AF3D-4B8A-4760-8312-55E71D4B1E8E}.Release|x86.ActiveCfg = Release|Any CPU
		{A993AF3D-4B8A-4760-8312-55E71D4B1E8E}.Release|x86.Build.0 = Release|Any CPU
		{729EAE34-A7F2-43F7-A63A-EBD63275228A}.Debug|Any CPU.ActiveCfg = Debug|Any CPU
		{729EAE34-A7F2-43F7-A63A-EBD63275228A}.Debug|Any CPU.Build.0 = Debug|Any CPU
		{729EAE34-A7F2-43F7-A63A-EBD63275228A}.Debug|x64.ActiveCfg = Debug|Any CPU
		{729EAE34-A7F2-43F7-A63A-EBD63275228A}.Debug|x64.Build.0 = Debug|Any CPU
		{729EAE34-A7F2-43F7-A63A-EBD63275228A}.Debug|x86.ActiveCfg = Debug|Any CPU
		{729EAE34-A7F2-43F7-A63A-EBD63275228A}.Debug|x86.Build.0 = Debug|Any CPU
		{729EAE34-A7F2-43F7-A63A-EBD63275228A}.Release|Any CPU.ActiveCfg = Release|Any CPU
		{729EAE34-A7F2-43F7-A63A-EBD63275228A}.Release|Any CPU.Build.0 = Release|Any CPU
		{729EAE34-A7F2-43F7-A63A-EBD63275228A}.Release|x64.ActiveCfg = Release|Any CPU
		{729EAE34-A7F2-43F7-A63A-EBD63275228A}.Release|x64.Build.0 = Release|Any CPU
		{729EAE34-A7F2-43F7-A63A-EBD63275228A}.Release|x86.ActiveCfg = Release|Any CPU
		{729EAE34-A7F2-43F7-A63A-EBD63275228A}.Release|x86.Build.0 = Release|Any CPU
	EndGlobalSection
	GlobalSection(SolutionProperties) = preSolution
		HideSolutionNode = FALSE
	EndGlobalSection
	GlobalSection(NestedProjects) = preSolution
		{4CFEC384-2F24-4528-BEED-6B251E31A16A} = {B7814057-57C1-438A-B26B-B6B653860985}
		{AF7C8D20-51CD-434F-B1A3-5659388B0B1D} = {4CFEC384-2F24-4528-BEED-6B251E31A16A}
		{F80D6B44-7CB5-4411-B2BD-43F0942C49AC} = {B7814057-57C1-438A-B26B-B6B653860985}
	EndGlobalSection
EndGlobal
